// !$*UTF8*$!
{
	archiveVersion = 1;
	classes = {
	};
	objectVersion = 46;
	objects = {

/* Begin PBXBuildFile section */
		0094DC815F6DE42F8C0F6BAB /* RealmSwift.framework in Embed Frameworks */ = {isa = PBXBuildFile; fileRef = CB91915BC562466B2F353D01 /* RealmSwift.framework */; settings = {ATTRIBUTES = (CodeSignOnCopy, ); }; };
		048DA6D1B084DA12056C552D /* Persona.swift in Sources */ = {isa = PBXBuildFile; fileRef = 28682A8EBBF024F4C615E482 /* Persona.swift */; };
		060DB4AB2FF960EEF8C6FC16 /* MenuTreeItem.swift in Sources */ = {isa = PBXBuildFile; fileRef = 3C32E0F2B2EFECFADAE53F3F /* MenuTreeItem.swift */; };
		096EFB5824F1747C962FC769 /* RootViewController.storyboard in Resources */ = {isa = PBXBuildFile; fileRef = AC2C98DECDBD7D97E3798F7E /* RootViewController.storyboard */; };
		14F1002F816D602486D66F95 /* AppStoreRelease.swift in Sources */ = {isa = PBXBuildFile; fileRef = C8C35EA55323978C4506D66D /* AppStoreRelease.swift */; };
		244FA5997DD426F2BC8149DD /* CenterViewController.storyboard in Resources */ = {isa = PBXBuildFile; fileRef = 31AD0F4054248EF410B0E245 /* CenterViewController.storyboard */; };
		26100FA2A9D933BCCEAB1266 /* Alamofire.framework in Embed Frameworks */ = {isa = PBXBuildFile; fileRef = B2F834101C386729B32258EC /* Alamofire.framework */; settings = {ATTRIBUTES = (CodeSignOnCopy, ); }; };
		33DF317D8D4DAF4E86B600B7 /* CenterViewControllerCell.swift in Sources */ = {isa = PBXBuildFile; fileRef = 2C07C8F0AE539BC44C7B53CC /* CenterViewControllerCell.swift */; };
		36D751F55BD9750EA98B984C /* MenuLabel.swift in Sources */ = {isa = PBXBuildFile; fileRef = DFCF7A15E1E1CD290231C805 /* MenuLabel.swift */; };
		3A58797DA3B39A746E378DA1 /* Assets.xcassets in Resources */ = {isa = PBXBuildFile; fileRef = F368D17C2C808DA9DE5C3697 /* Assets.xcassets */; };
		50FE799DC8860B250AC872A7 /* AppStoreReleasePersona.swift in Sources */ = {isa = PBXBuildFile; fileRef = 9593742309037CD29868CFBA /* AppStoreReleasePersona.swift */; };
		51E990C836649E4E64D0C18C /* Alamofire.framework in Frameworks */ = {isa = PBXBuildFile; fileRef = B2F834101C386729B32258EC /* Alamofire.framework */; };
		522B2752D975B776CC7C7FBC /* Language.swift in Sources */ = {isa = PBXBuildFile; fileRef = BBB0C7047E0ECC76319D8437 /* Language.swift */; };
		54530C74DFEF73757F930750 /* Realm.framework in Embed Frameworks */ = {isa = PBXBuildFile; fileRef = F2B6A49A44E0C1860132555D /* Realm.framework */; settings = {ATTRIBUTES = (CodeSignOnCopy, ); }; };
		5486609186D2ACF19602D74D /* MenuViewController.storyboard in Resources */ = {isa = PBXBuildFile; fileRef = E9080C5E0922AB3B4D621EB8 /* MenuViewController.storyboard */; };
		64F1FD857320DA0769EFF597 /* RootViewController.swift in Sources */ = {isa = PBXBuildFile; fileRef = 377BC94DAE358FC665CDAB31 /* RootViewController.swift */; };
		707DB043EEA74479F72FDF2F /* SystemConfiguration.framework in Frameworks */ = {isa = PBXBuildFile; fileRef = 105575237B3A80D9F3D904A6 /* SystemConfiguration.framework */; };
		7D38DDBBB0EB5F133255A6D6 /* DrawerController.swift in Sources */ = {isa = PBXBuildFile; fileRef = 14E38F39CD539A574ECF5F95 /* DrawerController.swift */; };
		972E1BD49D1982BA42CBAF54 /* AlamofireImage.framework in Embed Frameworks */ = {isa = PBXBuildFile; fileRef = BD794C1573F60F09DCBB002F /* AlamofireImage.framework */; settings = {ATTRIBUTES = (CodeSignOnCopy, ); }; };
		9D4A449FA5E59E1C0A671817 /* RealmSwift.framework in Frameworks */ = {isa = PBXBuildFile; fileRef = CB91915BC562466B2F353D01 /* RealmSwift.framework */; };
		A4BC8EC00FC9BC3D97651B36 /* Main.storyboard in Resources */ = {isa = PBXBuildFile; fileRef = 1A6044C7F20D2BD8B7461461 /* Main.storyboard */; };
		AF969BC203CF7579F8D5446F /* Menu.swift in Sources */ = {isa = PBXBuildFile; fileRef = 8B287D9C3349DCF28665B777 /* Menu.swift */; };
		B0E812402688BF08F57BC4FB /* MenuViewControllerCell.swift in Sources */ = {isa = PBXBuildFile; fileRef = 89B40EFDC1C59F5109070E48 /* MenuViewControllerCell.swift */; };
		B4010AD227EF1177C652E086 /* LaunchScreen.storyboard in Resources */ = {isa = PBXBuildFile; fileRef = 434F045AC5872015ACB53927 /* LaunchScreen.storyboard */; };
		B85758AC27D2EE9569446BC7 /* ViewController.swift in Sources */ = {isa = PBXBuildFile; fileRef = 21E88944150D076267E1D8F3 /* ViewController.swift */; };
		C2CF943B807CC61AA27B55F7 /* Realm.framework in Frameworks */ = {isa = PBXBuildFile; fileRef = F2B6A49A44E0C1860132555D /* Realm.framework */; };
		C63C2EBFF2B1B8F715743358 /* strip-frameworks.sh in Resources */ = {isa = PBXBuildFile; fileRef = 544AFFA423E9BE80A90CE2DB /* strip-frameworks.sh */; };
		C8B0730C84F7C34B24079030 /* AppDelegate.swift in Sources */ = {isa = PBXBuildFile; fileRef = CF042BD5BFFA36F223401A2D /* AppDelegate.swift */; };
		CBB88B2EBFF133972594AFBB /* AlamofireImage.framework in Frameworks */ = {isa = PBXBuildFile; fileRef = BD794C1573F60F09DCBB002F /* AlamofireImage.framework */; };
		D600EF39C9AE323DBF81AE84 /* Foundation.framework in Frameworks */ = {isa = PBXBuildFile; fileRef = E71F8A31CAE22BEDDCB4665C /* Foundation.framework */; };
		D8B46C77B41EF701B3F0ED3A /* RealmPlatformDataProvider.swift in Sources */ = {isa = PBXBuildFile; fileRef = 276FDB18147C3CA07CD29D70 /* RealmPlatformDataProvider.swift */; };
		E2B0BC2CD606F64AB7267FD0 /* UIKit.framework in Frameworks */ = {isa = PBXBuildFile; fileRef = 7EDE58D26D6A0C34779E5B04 /* UIKit.framework */; };
		E8738BB88029390EF010F779 /* CenterViewController.swift in Sources */ = {isa = PBXBuildFile; fileRef = CF82DB99460DA87F3DCD4BE8 /* CenterViewController.swift */; };
		E9B63F5CCDB9A47A84987AA1 /* MenuViewController.swift in Sources */ = {isa = PBXBuildFile; fileRef = F7DE89D8A216BBD3A9048354 /* MenuViewController.swift */; };
/* End PBXBuildFile section */

/* Begin PBXCopyFilesBuildPhase section */
		78802B06C5B3C909342C4697 /* Embed Frameworks */ = {
			isa = PBXCopyFilesBuildPhase;
			buildActionMask = 2147483647;
			dstSubfolderSpec = 10;
			files = (
				54530C74DFEF73757F930750 /* Realm.framework in Embed Frameworks */,
				0094DC815F6DE42F8C0F6BAB /* RealmSwift.framework in Embed Frameworks */,
				26100FA2A9D933BCCEAB1266 /* Alamofire.framework in Embed Frameworks */,
				972E1BD49D1982BA42CBAF54 /* AlamofireImage.framework in Embed Frameworks */,
			);
			name = "Embed Frameworks";
			runOnlyForDeploymentPostprocessing = 0;
		};
/* End PBXCopyFilesBuildPhase section */

/* Begin PBXFileReference section */
		105575237B3A80D9F3D904A6 /* SystemConfiguration.framework */ = {isa = PBXFileReference; lastKnownFileType = wrapper.framework; name = SystemConfiguration.framework; path = Platforms/iPhoneOS.platform/Developer/SDKs/iPhoneOS12.0.sdk/System/Library/Frameworks/SystemConfiguration.framework; sourceTree = DEVELOPER_DIR; };
		14E38F39CD539A574ECF5F95 /* DrawerController.swift */ = {isa = PBXFileReference; includeInIndex = 1; lastKnownFileType = sourcecode.swift; path = DrawerController.swift; sourceTree = "<group>"; };
		1A6044C7F20D2BD8B7461461 /* Main.storyboard */ = {isa = PBXFileReference; includeInIndex = 1; lastKnownFileType = file.storyboard; path = Main.storyboard; sourceTree = "<group>"; };
		21E88944150D076267E1D8F3 /* ViewController.swift */ = {isa = PBXFileReference; includeInIndex = 1; lastKnownFileType = sourcecode.swift; path = ViewController.swift; sourceTree = "<group>"; };
		276FDB18147C3CA07CD29D70 /* RealmPlatformDataProvider.swift */ = {isa = PBXFileReference; includeInIndex = 1; lastKnownFileType = sourcecode.swift; path = RealmPlatformDataProvider.swift; sourceTree = "<group>"; };
		28682A8EBBF024F4C615E482 /* Persona.swift */ = {isa = PBXFileReference; includeInIndex = 1; lastKnownFileType = sourcecode.swift; path = Persona.swift; sourceTree = "<group>"; };
		2C07C8F0AE539BC44C7B53CC /* CenterViewControllerCell.swift */ = {isa = PBXFileReference; includeInIndex = 1; lastKnownFileType = sourcecode.swift; path = CenterViewControllerCell.swift; sourceTree = "<group>"; };
		31AD0F4054248EF410B0E245 /* CenterViewController.storyboard */ = {isa = PBXFileReference; includeInIndex = 1; lastKnownFileType = file.storyboard; path = CenterViewController.storyboard; sourceTree = "<group>"; };
		377BC94DAE358FC665CDAB31 /* RootViewController.swift */ = {isa = PBXFileReference; includeInIndex = 1; lastKnownFileType = sourcecode.swift; path = RootViewController.swift; sourceTree = "<group>"; };
		3C32E0F2B2EFECFADAE53F3F /* MenuTreeItem.swift */ = {isa = PBXFileReference; includeInIndex = 1; lastKnownFileType = sourcecode.swift; path = MenuTreeItem.swift; sourceTree = "<group>"; };
		434F045AC5872015ACB53927 /* LaunchScreen.storyboard */ = {isa = PBXFileReference; includeInIndex = 1; lastKnownFileType = file.storyboard; path = LaunchScreen.storyboard; sourceTree = "<group>"; };
		544AFFA423E9BE80A90CE2DB /* strip-frameworks.sh */ = {isa = PBXFileReference; includeInIndex = 1; lastKnownFileType = text.script.sh; path = "strip-frameworks.sh"; sourceTree = "<group>"; };
		7EDE58D26D6A0C34779E5B04 /* UIKit.framework */ = {isa = PBXFileReference; lastKnownFileType = wrapper.framework; name = UIKit.framework; path = Platforms/iPhoneOS.platform/Developer/SDKs/iPhoneOS12.0.sdk/System/Library/Frameworks/UIKit.framework; sourceTree = DEVELOPER_DIR; };
		89B40EFDC1C59F5109070E48 /* MenuViewControllerCell.swift */ = {isa = PBXFileReference; includeInIndex = 1; lastKnownFileType = sourcecode.swift; path = MenuViewControllerCell.swift; sourceTree = "<group>"; };
		8B287D9C3349DCF28665B777 /* Menu.swift */ = {isa = PBXFileReference; includeInIndex = 1; lastKnownFileType = sourcecode.swift; path = Menu.swift; sourceTree = "<group>"; };
		9593742309037CD29868CFBA /* AppStoreReleasePersona.swift */ = {isa = PBXFileReference; includeInIndex = 1; lastKnownFileType = sourcecode.swift; path = AppStoreReleasePersona.swift; sourceTree = "<group>"; };
		AC2C98DECDBD7D97E3798F7E /* RootViewController.storyboard */ = {isa = PBXFileReference; includeInIndex = 1; lastKnownFileType = file.storyboard; path = RootViewController.storyboard; sourceTree = "<group>"; };
		B2F834101C386729B32258EC /* Alamofire.framework */ = {isa = PBXFileReference; lastKnownFileType = wrapper.framework; path = Alamofire.framework; sourceTree = "<group>"; };
		BBB0C7047E0ECC76319D8437 /* Language.swift */ = {isa = PBXFileReference; includeInIndex = 1; lastKnownFileType = sourcecode.swift; path = Language.swift; sourceTree = "<group>"; };
		BD794C1573F60F09DCBB002F /* AlamofireImage.framework */ = {isa = PBXFileReference; lastKnownFileType = wrapper.framework; path = AlamofireImage.framework; sourceTree = "<group>"; };
		C8C35EA55323978C4506D66D /* AppStoreRelease.swift */ = {isa = PBXFileReference; includeInIndex = 1; lastKnownFileType = sourcecode.swift; path = AppStoreRelease.swift; sourceTree = "<group>"; };
		CB91915BC562466B2F353D01 /* RealmSwift.framework */ = {isa = PBXFileReference; lastKnownFileType = wrapper.framework; path = RealmSwift.framework; sourceTree = "<group>"; };
		CF042BD5BFFA36F223401A2D /* AppDelegate.swift */ = {isa = PBXFileReference; includeInIndex = 1; lastKnownFileType = sourcecode.swift; path = AppDelegate.swift; sourceTree = "<group>"; };
		CF82DB99460DA87F3DCD4BE8 /* CenterViewController.swift */ = {isa = PBXFileReference; includeInIndex = 1; lastKnownFileType = sourcecode.swift; path = CenterViewController.swift; sourceTree = "<group>"; };
		DFCF7A15E1E1CD290231C805 /* MenuLabel.swift */ = {isa = PBXFileReference; includeInIndex = 1; lastKnownFileType = sourcecode.swift; path = MenuLabel.swift; sourceTree = "<group>"; };
		E71F8A31CAE22BEDDCB4665C /* Foundation.framework */ = {isa = PBXFileReference; lastKnownFileType = wrapper.framework; name = Foundation.framework; path = Platforms/iPhoneOS.platform/Developer/SDKs/iPhoneOS12.0.sdk/System/Library/Frameworks/Foundation.framework; sourceTree = DEVELOPER_DIR; };
		E9080C5E0922AB3B4D621EB8 /* MenuViewController.storyboard */ = {isa = PBXFileReference; includeInIndex = 1; lastKnownFileType = file.storyboard; path = MenuViewController.storyboard; sourceTree = "<group>"; };
		E9527A5BF2C2260496B5E2FF /* Alliance-One.app */ = {isa = PBXFileReference; explicitFileType = wrapper.application; includeInIndex = 0; path = "Alliance-One.app"; sourceTree = BUILT_PRODUCTS_DIR; };
		F2B6A49A44E0C1860132555D /* Realm.framework */ = {isa = PBXFileReference; lastKnownFileType = wrapper.framework; path = Realm.framework; sourceTree = "<group>"; };
		F368D17C2C808DA9DE5C3697 /* Assets.xcassets */ = {isa = PBXFileReference; includeInIndex = 1; lastKnownFileType = folder.assetcatalog; path = Assets.xcassets; sourceTree = "<group>"; };
		F7DE89D8A216BBD3A9048354 /* MenuViewController.swift */ = {isa = PBXFileReference; includeInIndex = 1; lastKnownFileType = sourcecode.swift; path = MenuViewController.swift; sourceTree = "<group>"; };
/* End PBXFileReference section */

/* Begin PBXFrameworksBuildPhase section */
		E2B93FCF65C103BF43B3E409 /* Frameworks */ = {
			isa = PBXFrameworksBuildPhase;
			buildActionMask = 2147483647;
			files = (
				9D4A449FA5E59E1C0A671817 /* RealmSwift.framework in Frameworks */,
				C2CF943B807CC61AA27B55F7 /* Realm.framework in Frameworks */,
				CBB88B2EBFF133972594AFBB /* AlamofireImage.framework in Frameworks */,
				51E990C836649E4E64D0C18C /* Alamofire.framework in Frameworks */,
				D600EF39C9AE323DBF81AE84 /* Foundation.framework in Frameworks */,
				E2B0BC2CD606F64AB7267FD0 /* UIKit.framework in Frameworks */,
				707DB043EEA74479F72FDF2F /* SystemConfiguration.framework in Frameworks */,
			);
			runOnlyForDeploymentPostprocessing = 0;
		};
/* End PBXFrameworksBuildPhase section */

/* Begin PBXGroup section */
		0A178AE1CB1186F73F700440 /* Frameworks */ = {
			isa = PBXGroup;
			children = (
				CB91915BC562466B2F353D01 /* RealmSwift.framework */,
				BD794C1573F60F09DCBB002F /* AlamofireImage.framework */,
				F2B6A49A44E0C1860132555D /* Realm.framework */,
				B2F834101C386729B32258EC /* Alamofire.framework */,
				E45C91C50CEDF3AAA0022F71 /* iOS */,
			);
			path = Frameworks;
			sourceTree = "<group>";
		};
		10D215D2B3C7AB6110F20033 = {
			isa = PBXGroup;
			children = (
				80B917A3B1E6B16FEBCDDEF2 /* Products */,
				3AFF890465FABCA53D2A1DFD /* Source */,
				0A178AE1CB1186F73F700440 /* Frameworks */,
			);
			sourceTree = "<group>";
		};
		3AFF890465FABCA53D2A1DFD /* Source */ = {
			isa = PBXGroup;
			children = (
				21E88944150D076267E1D8F3 /* ViewController.swift */,
				434F045AC5872015ACB53927 /* LaunchScreen.storyboard */,
				F368D17C2C808DA9DE5C3697 /* Assets.xcassets */,
				1A6044C7F20D2BD8B7461461 /* Main.storyboard */,
				BC3F1049F08E3B542F5CCE82 /* Menu */,
				CF042BD5BFFA36F223401A2D /* AppDelegate.swift */,
				544AFFA423E9BE80A90CE2DB /* strip-frameworks.sh */,
				C538B714F6FE7FF44A3868A4 /* Data */,
			);
			path = Source;
			sourceTree = "<group>";
		};
		7EBC8E237BCCAB09F5833156 /* Models */ = {
			isa = PBXGroup;
			children = (
				BBB0C7047E0ECC76319D8437 /* Language.swift */,
				3C32E0F2B2EFECFADAE53F3F /* MenuTreeItem.swift */,
				28682A8EBBF024F4C615E482 /* Persona.swift */,
				8B287D9C3349DCF28665B777 /* Menu.swift */,
				9593742309037CD29868CFBA /* AppStoreReleasePersona.swift */,
				DFCF7A15E1E1CD290231C805 /* MenuLabel.swift */,
				C8C35EA55323978C4506D66D /* AppStoreRelease.swift */,
			);
			path = Models;
			sourceTree = "<group>";
		};
		80B917A3B1E6B16FEBCDDEF2 /* Products */ = {
			isa = PBXGroup;
			children = (
				E9527A5BF2C2260496B5E2FF /* Alliance-One.app */,
			);
			name = Products;
			sourceTree = "<group>";
		};
		BC3F1049F08E3B542F5CCE82 /* Menu */ = {
			isa = PBXGroup;
			children = (
				2C07C8F0AE539BC44C7B53CC /* CenterViewControllerCell.swift */,
				14E38F39CD539A574ECF5F95 /* DrawerController.swift */,
				E9080C5E0922AB3B4D621EB8 /* MenuViewController.storyboard */,
				89B40EFDC1C59F5109070E48 /* MenuViewControllerCell.swift */,
				377BC94DAE358FC665CDAB31 /* RootViewController.swift */,
				AC2C98DECDBD7D97E3798F7E /* RootViewController.storyboard */,
				31AD0F4054248EF410B0E245 /* CenterViewController.storyboard */,
				CF82DB99460DA87F3DCD4BE8 /* CenterViewController.swift */,
				F7DE89D8A216BBD3A9048354 /* MenuViewController.swift */,
			);
			path = Menu;
			sourceTree = "<group>";
		};
		C538B714F6FE7FF44A3868A4 /* Data */ = {
			isa = PBXGroup;
			children = (
				7EBC8E237BCCAB09F5833156 /* Models */,
				276FDB18147C3CA07CD29D70 /* RealmPlatformDataProvider.swift */,
			);
			path = Data;
			sourceTree = "<group>";
		};
		E45C91C50CEDF3AAA0022F71 /* iOS */ = {
			isa = PBXGroup;
			children = (
				E71F8A31CAE22BEDDCB4665C /* Foundation.framework */,
				7EDE58D26D6A0C34779E5B04 /* UIKit.framework */,
				105575237B3A80D9F3D904A6 /* SystemConfiguration.framework */,
			);
			name = iOS;
			sourceTree = "<group>";
		};
/* End PBXGroup section */

/* Begin PBXNativeTarget section */
		513C81E8B7255F9EB50DDA66 /* Alliance-One */ = {
			isa = PBXNativeTarget;
			buildConfigurationList = FC8773EECDB259FA73045431 /* Build configuration list for PBXNativeTarget "Alliance-One" */;
			buildPhases = (
				661C1EF68C640E5F17534062 /* Sources */,
				530D5CF9CC8626B787D48620 /* Resources */,
				E2B93FCF65C103BF43B3E409 /* Frameworks */,
				78802B06C5B3C909342C4697 /* Embed Frameworks */,
				F7A7BD2A4008472CCABDF1D0 /* Copy Frameworks */,
			);
			buildRules = (
			);
			dependencies = (
			);
			name = "Alliance-One";
			productName = "Alliance-One";
			productReference = E9527A5BF2C2260496B5E2FF /* Alliance-One.app */;
			productType = "com.apple.product-type.application";
		};
/* End PBXNativeTarget section */

/* Begin PBXProject section */
		957EEE42021BB627C1BB1A43 /* Project object */ = {
			isa = PBXProject;
			attributes = {
				LastSwiftUpdateCheck = 0930;
				LastUpgradeCheck = 0930;
				ORGANIZATIONNAME = "Adept Mobile LLC";
				TargetAttributes = {
					513C81E8B7255F9EB50DDA66 = {
						DevelopmentTeam = RUE8T4BTVH;
						ProvisioningStyle = Manual;
					};
				};
			};
			buildConfigurationList = 8F93D9D9C7BB06B7775D36B1 /* Build configuration list for PBXProject "Alliance-One" */;
			compatibilityVersion = "Xcode 3.2";
			developmentRegion = English;
			hasScannedForEncodings = 0;
			knownRegions = (
				en,
			);
			mainGroup = 10D215D2B3C7AB6110F20033;
			productRefGroup = 80B917A3B1E6B16FEBCDDEF2 /* Products */;
			projectDirPath = "";
			projectRoot = "";
			targets = (
				513C81E8B7255F9EB50DDA66 /* Alliance-One */,
			);
		};
/* End PBXProject section */

/* Begin PBXResourcesBuildPhase section */
		530D5CF9CC8626B787D48620 /* Resources */ = {
			isa = PBXResourcesBuildPhase;
			buildActionMask = 2147483647;
			files = (
				B4010AD227EF1177C652E086 /* LaunchScreen.storyboard in Resources */,
				3A58797DA3B39A746E378DA1 /* Assets.xcassets in Resources */,
				A4BC8EC00FC9BC3D97651B36 /* Main.storyboard in Resources */,
				5486609186D2ACF19602D74D /* MenuViewController.storyboard in Resources */,
				096EFB5824F1747C962FC769 /* RootViewController.storyboard in Resources */,
				244FA5997DD426F2BC8149DD /* CenterViewController.storyboard in Resources */,
				C63C2EBFF2B1B8F715743358 /* strip-frameworks.sh in Resources */,
			);
			runOnlyForDeploymentPostprocessing = 0;
		};
/* End PBXResourcesBuildPhase section */

/* Begin PBXShellScriptBuildPhase section */
		F7A7BD2A4008472CCABDF1D0 /* Copy Frameworks */ = {
			isa = PBXShellScriptBuildPhase;
			buildActionMask = 2147483647;
			files = (
			);
			inputFileListPaths = (
			);
			inputPaths = (
			);
			name = "Copy Frameworks";
			outputFileListPaths = (
			);
			outputPaths = (
			);
			runOnlyForDeploymentPostprocessing = 0;
			shellPath = /bin/sh;
			shellScript = "if [ \"${CONFIGURATION}\" != \"Debug\" ]; then\n   ${BUILT_PRODUCTS_DIR}/${CONTENTS_FOLDER_PATH}/strip-frameworks.sh\nfi\n";
		};
/* End PBXShellScriptBuildPhase section */

/* Begin PBXSourcesBuildPhase section */
		661C1EF68C640E5F17534062 /* Sources */ = {
			isa = PBXSourcesBuildPhase;
			buildActionMask = 2147483647;
			files = (
				B85758AC27D2EE9569446BC7 /* ViewController.swift in Sources */,
				33DF317D8D4DAF4E86B600B7 /* CenterViewControllerCell.swift in Sources */,
				7D38DDBBB0EB5F133255A6D6 /* DrawerController.swift in Sources */,
				B0E812402688BF08F57BC4FB /* MenuViewControllerCell.swift in Sources */,
				64F1FD857320DA0769EFF597 /* RootViewController.swift in Sources */,
				E8738BB88029390EF010F779 /* CenterViewController.swift in Sources */,
				E9B63F5CCDB9A47A84987AA1 /* MenuViewController.swift in Sources */,
				C8B0730C84F7C34B24079030 /* AppDelegate.swift in Sources */,
				522B2752D975B776CC7C7FBC /* Language.swift in Sources */,
				060DB4AB2FF960EEF8C6FC16 /* MenuTreeItem.swift in Sources */,
				048DA6D1B084DA12056C552D /* Persona.swift in Sources */,
				AF969BC203CF7579F8D5446F /* Menu.swift in Sources */,
				50FE799DC8860B250AC872A7 /* AppStoreReleasePersona.swift in Sources */,
				36D751F55BD9750EA98B984C /* MenuLabel.swift in Sources */,
				14F1002F816D602486D66F95 /* AppStoreRelease.swift in Sources */,
				D8B46C77B41EF701B3F0ED3A /* RealmPlatformDataProvider.swift in Sources */,
			);
			runOnlyForDeploymentPostprocessing = 0;
		};
/* End PBXSourcesBuildPhase section */

/* Begin XCBuildConfiguration section */
		87C8837006423AF77F7601DB /* Debug */ = {
			isa = XCBuildConfiguration;
			buildSettings = {
				ASSETCATALOG_COMPILER_APPICON_NAME = AppIcon;
				ASSETCATALOG_COMPILER_LAUNCHIMAGE_NAME = LaunchImage;
				CODE_SIGN_IDENTITY = "iPhone Developer";
				"CODE_SIGN_IDENTITY[sdk=iphoneos*]" = "iPhone Developer";
				CODE_SIGN_STYLE = Manual;
				DEVELOPMENT_TEAM = RUE8T4BTVH;
				ENABLE_BITCODE = false;
				FRAMEWORK_SEARCH_PATHS = (
					"$(PROJECT_DIR)/Frameworks/**",
					"$(PROJECT_DIR)/Frameworks",
				);
				INFOPLIST_FILE = Info/info.plist;
				IPHONEOS_DEPLOYMENT_TARGET = 11;
				LD_RUNPATH_SEARCH_PATHS = "$(inherited) @executable_path/Frameworks";
				PRODUCT_BUNDLE_IDENTIFIER = com.adeptmobile.allianceone;
				PRODUCT_NAME = "$(TARGET_NAME)";
				PROVISIONING_PROFILE_SPECIFIER = "match Development com.adeptmobile.allianceone";
				REALM_APP_RELEASE_ID = 1;
				REALM_HOST = "realms://awesome-rubber-towels.us1a.cloud.realm.io";
				REALM_PATH = /alliance/core/public/staging/0.9;
				SDKROOT = iphoneos;
				SWIFT_OPTIMIZATION_LEVEL = "-Onone";
				SWIFT_VERSION = 4.2;
				TARGETED_DEVICE_FAMILY = "1,2";
			};
			name = Debug;
		};
		A5A9698413EF9E15C1633C79 /* Release */ = {
			isa = XCBuildConfiguration;
			buildSettings = {
				ASSETCATALOG_COMPILER_APPICON_NAME = AppIcon;
				ASSETCATALOG_COMPILER_LAUNCHIMAGE_NAME = LaunchImage;
				CODE_SIGN_IDENTITY = "iPhone Distribution";
				"CODE_SIGN_IDENTITY[sdk=iphoneos*]" = "iPhone Distribution";
				CODE_SIGN_STYLE = Manual;
				DEVELOPMENT_TEAM = RUE8T4BTVH;
				ENABLE_BITCODE = false;
				FRAMEWORK_SEARCH_PATHS = (
					"$(PROJECT_DIR)/Frameworks/**",
					"$(PROJECT_DIR)/Frameworks",
				);
				INFOPLIST_FILE = Info/info.plist;
				IPHONEOS_DEPLOYMENT_TARGET = 11;
				LD_RUNPATH_SEARCH_PATHS = "$(inherited) @executable_path/Frameworks";
				PRODUCT_BUNDLE_IDENTIFIER = com.adeptmobile.allianceone;
				PRODUCT_NAME = "$(TARGET_NAME)";
				PROVISIONING_PROFILE_SPECIFIER = "match AppStore com.adeptmobile.allianceone";
				REALM_APP_RELEASE_ID = 1;
				REALM_HOST = "realms://awesome-rubber-towels.us1a.cloud.realm.io";
				REALM_PATH = /alliance/core/public/staging/0.9;
				SDKROOT = iphoneos;
				SWIFT_VERSION = 4.2;
				TARGETED_DEVICE_FAMILY = "1,2";
				VALIDATE_PRODUCT = YES;
			};
			name = Release;
		};
		B72A3693FF2A213FCB459081 /* Release */ = {
			isa = XCBuildConfiguration;
			buildSettings = {
				ALWAYS_SEARCH_USER_PATHS = NO;
				CLANG_ANALYZER_NONNULL = YES;
				CLANG_ANALYZER_NUMBER_OBJECT_CONVERSION = YES_AGGRESSIVE;
				CLANG_CXX_LANGUAGE_STANDARD = "gnu++14";
				CLANG_CXX_LIBRARY = "libc++";
				CLANG_ENABLE_MODULES = YES;
				CLANG_ENABLE_OBJC_ARC = YES;
				CLANG_ENABLE_OBJC_WEAK = YES;
				CLANG_WARN_BLOCK_CAPTURE_AUTORELEASING = YES;
				CLANG_WARN_BOOL_CONVERSION = YES;
				CLANG_WARN_COMMA = YES;
				CLANG_WARN_CONSTANT_CONVERSION = YES;
				CLANG_WARN_DEPRECATED_OBJC_IMPLEMENTATIONS = YES;
				CLANG_WARN_DIRECT_OBJC_ISA_USAGE = YES_ERROR;
				CLANG_WARN_DOCUMENTATION_COMMENTS = YES;
				CLANG_WARN_EMPTY_BODY = YES;
				CLANG_WARN_ENUM_CONVERSION = YES;
				CLANG_WARN_INFINITE_RECURSION = YES;
				CLANG_WARN_INT_CONVERSION = YES;
				CLANG_WARN_NON_LITERAL_NULL_CONVERSION = YES;
				CLANG_WARN_OBJC_IMPLICIT_RETAIN_SELF = YES;
				CLANG_WARN_OBJC_LITERAL_CONVERSION = YES;
				CLANG_WARN_OBJC_ROOT_CLASS = YES_ERROR;
				CLANG_WARN_RANGE_LOOP_ANALYSIS = YES;
				CLANG_WARN_STRICT_PROTOTYPES = YES;
				CLANG_WARN_SUSPICIOUS_MOVE = YES;
				CLANG_WARN_UNGUARDED_AVAILABILITY = YES_AGGRESSIVE;
				CLANG_WARN_UNREACHABLE_CODE = YES;
				CLANG_WARN__DUPLICATE_METHOD_MATCH = YES;
				COPY_PHASE_STRIP = NO;
				DEBUG_INFORMATION_FORMAT = "dwarf-with-dsym";
				ENABLE_NS_ASSERTIONS = NO;
				ENABLE_STRICT_OBJC_MSGSEND = YES;
				GCC_C_LANGUAGE_STANDARD = gnu11;
				GCC_NO_COMMON_BLOCKS = YES;
				GCC_WARN_64_TO_32_BIT_CONVERSION = YES;
				GCC_WARN_ABOUT_RETURN_TYPE = YES_ERROR;
				GCC_WARN_UNDECLARED_SELECTOR = YES;
				GCC_WARN_UNINITIALIZED_AUTOS = YES_AGGRESSIVE;
				GCC_WARN_UNUSED_FUNCTION = YES;
				GCC_WARN_UNUSED_VARIABLE = YES;
				MTL_ENABLE_DEBUG_INFO = NO;
				MTL_FAST_MATH = YES;
				PRODUCT_NAME = "$(TARGET_NAME)";
				SWIFT_OPTIMIZATION_LEVEL = "-Owholemodule";
				SWIFT_VERSION = 4.2;
			};
			name = Release;
		};
		F8DDF1479316D0C179440360 /* Debug */ = {
			isa = XCBuildConfiguration;
			buildSettings = {
				ALWAYS_SEARCH_USER_PATHS = NO;
				CLANG_ANALYZER_NONNULL = YES;
				CLANG_ANALYZER_NUMBER_OBJECT_CONVERSION = YES_AGGRESSIVE;
				CLANG_CXX_LANGUAGE_STANDARD = "gnu++14";
				CLANG_CXX_LIBRARY = "libc++";
				CLANG_ENABLE_MODULES = YES;
				CLANG_ENABLE_OBJC_ARC = YES;
				CLANG_ENABLE_OBJC_WEAK = YES;
				CLANG_WARN_BLOCK_CAPTURE_AUTORELEASING = YES;
				CLANG_WARN_BOOL_CONVERSION = YES;
				CLANG_WARN_COMMA = YES;
				CLANG_WARN_CONSTANT_CONVERSION = YES;
				CLANG_WARN_DEPRECATED_OBJC_IMPLEMENTATIONS = YES;
				CLANG_WARN_DIRECT_OBJC_ISA_USAGE = YES_ERROR;
				CLANG_WARN_DOCUMENTATION_COMMENTS = YES;
				CLANG_WARN_EMPTY_BODY = YES;
				CLANG_WARN_ENUM_CONVERSION = YES;
				CLANG_WARN_INFINITE_RECURSION = YES;
				CLANG_WARN_INT_CONVERSION = YES;
				CLANG_WARN_NON_LITERAL_NULL_CONVERSION = YES;
				CLANG_WARN_OBJC_IMPLICIT_RETAIN_SELF = YES;
				CLANG_WARN_OBJC_LITERAL_CONVERSION = YES;
				CLANG_WARN_OBJC_ROOT_CLASS = YES_ERROR;
				CLANG_WARN_RANGE_LOOP_ANALYSIS = YES;
				CLANG_WARN_STRICT_PROTOTYPES = YES;
				CLANG_WARN_SUSPICIOUS_MOVE = YES;
				CLANG_WARN_UNGUARDED_AVAILABILITY = YES_AGGRESSIVE;
				CLANG_WARN_UNREACHABLE_CODE = YES;
				CLANG_WARN__DUPLICATE_METHOD_MATCH = YES;
				COPY_PHASE_STRIP = NO;
				DEBUG_INFORMATION_FORMAT = dwarf;
				ENABLE_STRICT_OBJC_MSGSEND = YES;
				ENABLE_TESTABILITY = YES;
				GCC_C_LANGUAGE_STANDARD = gnu11;
				GCC_DYNAMIC_NO_PIC = NO;
				GCC_NO_COMMON_BLOCKS = YES;
				GCC_OPTIMIZATION_LEVEL = 0;
				GCC_PREPROCESSOR_DEFINITIONS = (
					"DEBUG=1",
					"$(inherited)",
				);
				GCC_WARN_64_TO_32_BIT_CONVERSION = YES;
				GCC_WARN_ABOUT_RETURN_TYPE = YES_ERROR;
				GCC_WARN_UNDECLARED_SELECTOR = YES;
				GCC_WARN_UNINITIALIZED_AUTOS = YES_AGGRESSIVE;
				GCC_WARN_UNUSED_FUNCTION = YES;
				GCC_WARN_UNUSED_VARIABLE = YES;
				MTL_ENABLE_DEBUG_INFO = INCLUDE_SOURCE;
				MTL_FAST_MATH = YES;
				ONLY_ACTIVE_ARCH = YES;
				PRODUCT_NAME = "$(TARGET_NAME)";
				SWIFT_ACTIVE_COMPILATION_CONDITIONS = DEBUG;
				SWIFT_OPTIMIZATION_LEVEL = "-Onone";
				SWIFT_VERSION = 4.2;
			};
			name = Debug;
		};
/* End XCBuildConfiguration section */

/* Begin XCConfigurationList section */
		8F93D9D9C7BB06B7775D36B1 /* Build configuration list for PBXProject "Alliance-One" */ = {
			isa = XCConfigurationList;
			buildConfigurations = (
				F8DDF1479316D0C179440360 /* Debug */,
				B72A3693FF2A213FCB459081 /* Release */,
			);
			defaultConfigurationIsVisible = 0;
			defaultConfigurationName = Release;
		};
		FC8773EECDB259FA73045431 /* Build configuration list for PBXNativeTarget "Alliance-One" */ = {
			isa = XCConfigurationList;
			buildConfigurations = (
				87C8837006423AF77F7601DB /* Debug */,
				A5A9698413EF9E15C1633C79 /* Release */,
			);
			defaultConfigurationIsVisible = 0;
			defaultConfigurationName = Release;
		};
/* End XCConfigurationList section */
	};
	rootObject = 957EEE42021BB627C1BB1A43 /* Project object */;
}
